// !$*UTF8*$!
{
	archiveVersion = 1;
	classes = {
	};
	objectVersion = 77;
	objects = {

/* Begin PBXBuildFile section */
		B030143B2D21EB1000E931EC /* CalendarKit in Frameworks */ = {isa = PBXBuildFile; productRef = B030143A2D21EB1000E931EC /* CalendarKit */; };
/* End PBXBuildFile section */

/* Begin PBXContainerItemProxy section */
		B030141A2D21E5E800E931EC /* PBXContainerItemProxy */ = {
			isa = PBXContainerItemProxy;
			containerPortal = B03013FB2D21E5E700E931EC /* Project object */;
			proxyType = 1;
			remoteGlobalIDString = B03014022D21E5E700E931EC;
			remoteInfo = IOS_Clandar;
		};
		B03014242D21E5E800E931EC /* PBXContainerItemProxy */ = {
			isa = PBXContainerItemProxy;
			containerPortal = B03013FB2D21E5E700E931EC /* Project object */;
			proxyType = 1;
			remoteGlobalIDString = B03014022D21E5E700E931EC;
			remoteInfo = IOS_Clandar;
		};
/* End PBXContainerItemProxy section */

/* Begin PBXFileReference section */
		B03014032D21E5E700E931EC /* IOS_Clandar.app */ = {isa = PBXFileReference; explicitFileType = wrapper.application; includeInIndex = 0; path = IOS_Clandar.app; sourceTree = BUILT_PRODUCTS_DIR; };
		B03014192D21E5E800E931EC /* IOS_ClandarTests.xctest */ = {isa = PBXFileReference; explicitFileType = wrapper.cfbundle; includeInIndex = 0; path = IOS_ClandarTests.xctest; sourceTree = BUILT_PRODUCTS_DIR; };
		B03014232D21E5E800E931EC /* IOS_ClandarUITests.xctest */ = {isa = PBXFileReference; explicitFileType = wrapper.cfbundle; includeInIndex = 0; path = IOS_ClandarUITests.xctest; sourceTree = BUILT_PRODUCTS_DIR; };
/* End PBXFileReference section */

/* Begin PBXFileSystemSynchronizedBuildFileExceptionSet section */
		B030142B2D21E5E800E931EC /* Exceptions for "IOS_Clandar" folder in "IOS_Clandar" target */ = {
			isa = PBXFileSystemSynchronizedBuildFileExceptionSet;
			membershipExceptions = (
				Info.plist,
			);
			target = B03014022D21E5E700E931EC /* IOS_Clandar */;
		};
/* End PBXFileSystemSynchronizedBuildFileExceptionSet section */

/* Begin PBXFileSystemSynchronizedRootGroup section */
		B03014052D21E5E700E931EC /* IOS_Clandar */ = {
			isa = PBXFileSystemSynchronizedRootGroup;
			exceptions = (
				B030142B2D21E5E800E931EC /* Exceptions for "IOS_Clandar" folder in "IOS_Clandar" target */,
			);
			path = IOS_Clandar;
			sourceTree = "<group>";
		};
		B030141C2D21E5E800E931EC /* IOS_ClandarTests */ = {
			isa = PBXFileSystemSynchronizedRootGroup;
			path = IOS_ClandarTests;
			sourceTree = "<group>";
		};
		B03014262D21E5E800E931EC /* IOS_ClandarUITests */ = {
			isa = PBXFileSystemSynchronizedRootGroup;
			path = IOS_ClandarUITests;
			sourceTree = "<group>";
		};
/* End PBXFileSystemSynchronizedRootGroup section */

/* Begin PBXFrameworksBuildPhase section */
		B03014002D21E5E700E931EC /* Frameworks */ = {
			isa = PBXFrameworksBuildPhase;
			buildActionMask = 2147483647;
			files = (
				B030143B2D21EB1000E931EC /* CalendarKit in Frameworks */,
			);
			runOnlyForDeploymentPostprocessing = 0;
		};
		B03014162D21E5E800E931EC /* Frameworks */ = {
			isa = PBXFrameworksBuildPhase;
			buildActionMask = 2147483647;
			files = (
			);
			runOnlyForDeploymentPostprocessing = 0;
		};
		B03014202D21E5E800E931EC /* Frameworks */ = {
			isa = PBXFrameworksBuildPhase;
			buildActionMask = 2147483647;
			files = (
			);
			runOnlyForDeploymentPostprocessing = 0;
		};
/* End PBXFrameworksBuildPhase section */

/* Begin PBXGroup section */
		B03013FA2D21E5E700E931EC = {
			isa = PBXGroup;
			children = (
				B03014052D21E5E700E931EC /* IOS_Clandar */,
				B030141C2D21E5E800E931EC /* IOS_ClandarTests */,
				B03014262D21E5E800E931EC /* IOS_ClandarUITests */,
				B03014042D21E5E700E931EC /* Products */,
			);
			sourceTree = "<group>";
		};
		B03014042D21E5E700E931EC /* Products */ = {
			isa = PBXGroup;
			children = (
				B03014032D21E5E700E931EC /* IOS_Clandar.app */,
				B03014192D21E5E800E931EC /* IOS_ClandarTests.xctest */,
				B03014232D21E5E800E931EC /* IOS_ClandarUITests.xctest */,
			);
			name = Products;
			sourceTree = "<group>";
		};
/* End PBXGroup section */

/* Begin PBXNativeTarget section */
		B03014022D21E5E700E931EC /* IOS_Clandar */ = {
			isa = PBXNativeTarget;
			buildConfigurationList = B030142C2D21E5E800E931EC /* Build configuration list for PBXNativeTarget "IOS_Clandar" */;
			buildPhases = (
				B03013FF2D21E5E700E931EC /* Sources */,
				B03014002D21E5E700E931EC /* Frameworks */,
				B03014012D21E5E700E931EC /* Resources */,
			);
			buildRules = (
			);
			dependencies = (
			);
			fileSystemSynchronizedGroups = (
				B03014052D21E5E700E931EC /* IOS_Clandar */,
			);
			name = IOS_Clandar;
			packageProductDependencies = (
				B030143A2D21EB1000E931EC /* CalendarKit */,
			);
			productName = IOS_Clandar;
			productReference = B03014032D21E5E700E931EC /* IOS_Clandar.app */;
			productType = "com.apple.product-type.application";
		};
		B03014182D21E5E800E931EC /* IOS_ClandarTests */ = {
			isa = PBXNativeTarget;
			buildConfigurationList = B03014312D21E5E800E931EC /* Build configuration list for PBXNativeTarget "IOS_ClandarTests" */;
			buildPhases = (
				B03014152D21E5E800E931EC /* Sources */,
				B03014162D21E5E800E931EC /* Frameworks */,
				B03014172D21E5E800E931EC /* Resources */,
			);
			buildRules = (
			);
			dependencies = (
				B030141B2D21E5E800E931EC /* PBXTargetDependency */,
			);
			fileSystemSynchronizedGroups = (
				B030141C2D21E5E800E931EC /* IOS_ClandarTests */,
			);
			name = IOS_ClandarTests;
			packageProductDependencies = (
			);
			productName = IOS_ClandarTests;
			productReference = B03014192D21E5E800E931EC /* IOS_ClandarTests.xctest */;
			productType = "com.apple.product-type.bundle.unit-test";
		};
		B03014222D21E5E800E931EC /* IOS_ClandarUITests */ = {
			isa = PBXNativeTarget;
			buildConfigurationList = B03014342D21E5E800E931EC /* Build configuration list for PBXNativeTarget "IOS_ClandarUITests" */;
			buildPhases = (
				B030141F2D21E5E800E931EC /* Sources */,
				B03014202D21E5E800E931EC /* Frameworks */,
				B03014212D21E5E800E931EC /* Resources */,
			);
			buildRules = (
			);
			dependencies = (
				B03014252D21E5E800E931EC /* PBXTargetDependency */,
			);
			fileSystemSynchronizedGroups = (
				B03014262D21E5E800E931EC /* IOS_ClandarUITests */,
			);
			name = IOS_ClandarUITests;
			packageProductDependencies = (
			);
			productName = IOS_ClandarUITests;
			productReference = B03014232D21E5E800E931EC /* IOS_ClandarUITests.xctest */;
			productType = "com.apple.product-type.bundle.ui-testing";
		};
/* End PBXNativeTarget section */

/* Begin PBXProject section */
		B03013FB2D21E5E700E931EC /* Project object */ = {
			isa = PBXProject;
			attributes = {
				BuildIndependentTargetsInParallel = 1;
				LastSwiftUpdateCheck = 1620;
				LastUpgradeCheck = 1620;
				TargetAttributes = {
					B03014022D21E5E700E931EC = {
						CreatedOnToolsVersion = 16.2;
					};
					B03014182D21E5E800E931EC = {
						CreatedOnToolsVersion = 16.2;
						TestTargetID = B03014022D21E5E700E931EC;
					};
					B03014222D21E5E800E931EC = {
						CreatedOnToolsVersion = 16.2;
						TestTargetID = B03014022D21E5E700E931EC;
					};
				};
			};
			buildConfigurationList = B03013FE2D21E5E700E931EC /* Build configuration list for PBXProject "IOS_Clandar" */;
			developmentRegion = en;
			hasScannedForEncodings = 0;
			knownRegions = (
				en,
				Base,
			);
			mainGroup = B03013FA2D21E5E700E931EC;
			minimizedProjectReferenceProxies = 1;
			packageReferences = (
				B03014392D21EB1000E931EC /* XCRemoteSwiftPackageReference "CalendarKit" */,
			);
			preferredProjectObjectVersion = 77;
			productRefGroup = B03014042D21E5E700E931EC /* Products */;
			projectDirPath = "";
			projectRoot = "";
			targets = (
				B03014022D21E5E700E931EC /* IOS_Clandar */,
				B03014182D21E5E800E931EC /* IOS_ClandarTests */,
				B03014222D21E5E800E931EC /* IOS_ClandarUITests */,
			);
		};
/* End PBXProject section */

/* Begin PBXResourcesBuildPhase section */
		B03014012D21E5E700E931EC /* Resources */ = {
			isa = PBXResourcesBuildPhase;
			buildActionMask = 2147483647;
			files = (
			);
			runOnlyForDeploymentPostprocessing = 0;
		};
		B03014172D21E5E800E931EC /* Resources */ = {
			isa = PBXResourcesBuildPhase;
			buildActionMask = 2147483647;
			files = (
			);
			runOnlyForDeploymentPostprocessing = 0;
		};
		B03014212D21E5E800E931EC /* Resources */ = {
			isa = PBXResourcesBuildPhase;
			buildActionMask = 2147483647;
			files = (
			);
			runOnlyForDeploymentPostprocessing = 0;
		};
/* End PBXResourcesBuildPhase section */

/* Begin PBXSourcesBuildPhase section */
		B03013FF2D21E5E700E931EC /* Sources */ = {
			isa = PBXSourcesBuildPhase;
			buildActionMask = 2147483647;
			files = (
			);
			runOnlyForDeploymentPostprocessing = 0;
		};
		B03014152D21E5E800E931EC /* Sources */ = {
			isa = PBXSourcesBuildPhase;
			buildActionMask = 2147483647;
			files = (
			);
			runOnlyForDeploymentPostprocessing = 0;
		};
		B030141F2D21E5E800E931EC /* Sources */ = {
			isa = PBXSourcesBuildPhase;
			buildActionMask = 2147483647;
			files = (
			);
			runOnlyForDeploymentPostprocessing = 0;
		};
/* End PBXSourcesBuildPhase section */

/* Begin PBXTargetDependency section */
		B030141B2D21E5E800E931EC /* PBXTargetDependency */ = {
			isa = PBXTargetDependency;
			target = B03014022D21E5E700E931EC /* IOS_Clandar */;
			targetProxy = B030141A2D21E5E800E931EC /* PBXContainerItemProxy */;
		};
		B03014252D21E5E800E931EC /* PBXTargetDependency */ = {
			isa = PBXTargetDependency;
			target = B03014022D21E5E700E931EC /* IOS_Clandar */;
			targetProxy = B03014242D21E5E800E931EC /* PBXContainerItemProxy */;
		};
/* End PBXTargetDependency section */

/* Begin XCBuildConfiguration section */
		B030142D2D21E5E800E931EC /* Debug */ = {
			isa = XCBuildConfiguration;
			buildSettings = {
				ASSETCATALOG_COMPILER_APPICON_NAME = AppIcon;
				ASSETCATALOG_COMPILER_GLOBAL_ACCENT_COLOR_NAME = AccentColor;
				CODE_SIGN_STYLE = Automatic;
				CURRENT_PROJECT_VERSION = 1;
				DEVELOPMENT_TEAM = A8Y34895L9;
				GENERATE_INFOPLIST_FILE = YES;
				INFOPLIST_FILE = IOS_Clandar/Info.plist;
				INFOPLIST_KEY_CFBundleDisplayName = "";
				INFOPLIST_KEY_LSApplicationCategoryType = "";
				INFOPLIST_KEY_NSCalendarsUsageDescription = "The app needs access to the calendar to display events";
				INFOPLIST_KEY_UIApplicationSupportsIndirectInputEvents = YES;
				INFOPLIST_KEY_UILaunchStoryboardName = LaunchScreen;
				INFOPLIST_KEY_UISupportedInterfaceOrientations_iPad = "UIInterfaceOrientationPortrait UIInterfaceOrientationPortraitUpsideDown UIInterfaceOrientationLandscapeLeft UIInterfaceOrientationLandscapeRight";
				INFOPLIST_KEY_UISupportedInterfaceOrientations_iPhone = "UIInterfaceOrientationPortrait UIInterfaceOrientationLandscapeLeft UIInterfaceOrientationLandscapeRight";
				LD_RUNPATH_SEARCH_PATHS = (
					"$(inherited)",
					"@executable_path/Frameworks",
				);
				MARKETING_VERSION = 1.0;
				PRODUCT_BUNDLE_IDENTIFIER = "calendar-app-ios.IOS-Clandar";
				PRODUCT_NAME = "$(TARGET_NAME)";
				SWIFT_EMIT_LOC_STRINGS = YES;
				SWIFT_VERSION = 5.0;
				TARGETED_DEVICE_FAMILY = "1,2";
			};
			name = Debug;
		};
		B030142E2D21E5E800E931EC /* Release */ = {
			isa = XCBuildConfiguration;
			buildSettings = {
				ASSETCATALOG_COMPILER_APPICON_NAME = AppIcon;
				ASSETCATALOG_COMPILER_GLOBAL_ACCENT_COLOR_NAME = AccentColor;
				CODE_SIGN_STYLE = Automatic;
				CURRENT_PROJECT_VERSION = 1;
				DEVELOPMENT_TEAM = A8Y34895L9;
				GENERATE_INFOPLIST_FILE = YES;
				INFOPLIST_FILE = IOS_Clandar/Info.plist;
				INFOPLIST_KEY_CFBundleDisplayName = "";
				INFOPLIST_KEY_LSApplicationCategoryType = "";
				INFOPLIST_KEY_NSCalendarsUsageDescription = "The app needs access to the calendar to display events";
				INFOPLIST_KEY_UIApplicationSupportsIndirectInputEvents = YES;
				INFOPLIST_KEY_UILaunchStoryboardName = LaunchScreen;
				INFOPLIST_KEY_UISupportedInterfaceOrientations_iPad = "UIInterfaceOrientationPortrait UIInterfaceOrientationPortraitUpsideDown UIInterfaceOrientationLandscapeLeft UIInterfaceOrientationLandscapeRight";
				INFOPLIST_KEY_UISupportedInterfaceOrientations_iPhone = "UIInterfaceOrientationPortrait UIInterfaceOrientationLandscapeLeft UIInterfaceOrientationLandscapeRight";
				LD_RUNPATH_SEARCH_PATHS = (
					"$(inherited)",
					"@executable_path/Frameworks",
				);
				MARKETING_VERSION = 1.0;
				PRODUCT_BUNDLE_IDENTIFIER = "calendar-app-ios.IOS-Clandar";
				PRODUCT_NAME = "$(TARGET_NAME)";
				SWIFT_EMIT_LOC_STRINGS = YES;
				SWIFT_VERSION = 5.0;
				TARGETED_DEVICE_FAMILY = "1,2";
			};
			name = Release;
		};
		B030142F2D21E5E800E931EC /* Debug */ = {
			isa = XCBuildConfiguration;
			buildSettings = {
				ALWAYS_SEARCH_USER_PATHS = NO;
				ASSETCATALOG_COMPILER_GENERATE_SWIFT_ASSET_SYMBOL_EXTENSIONS = YES;
				CLANG_ANALYZER_NONNULL = YES;
				CLANG_ANALYZER_NUMBER_OBJECT_CONVERSION = YES_AGGRESSIVE;
				CLANG_CXX_LANGUAGE_STANDARD = "gnu++20";
				CLANG_ENABLE_MODULES = YES;
				CLANG_ENABLE_OBJC_ARC = YES;
				CLANG_ENABLE_OBJC_WEAK = YES;
				CLANG_WARN_BLOCK_CAPTURE_AUTORELEASING = YES;
				CLANG_WARN_BOOL_CONVERSION = YES;
				CLANG_WARN_COMMA = YES;
				CLANG_WARN_CONSTANT_CONVERSION = YES;
				CLANG_WARN_DEPRECATED_OBJC_IMPLEMENTATIONS = YES;
				CLANG_WARN_DIRECT_OBJC_ISA_USAGE = YES_ERROR;
				CLANG_WARN_DOCUMENTATION_COMMENTS = YES;
				CLANG_WARN_EMPTY_BODY = YES;
				CLANG_WARN_ENUM_CONVERSION = YES;
				CLANG_WARN_INFINITE_RECURSION = YES;
				CLANG_WARN_INT_CONVERSION = YES;
				CLANG_WARN_NON_LITERAL_NULL_CONVERSION = YES;
				CLANG_WARN_OBJC_IMPLICIT_RETAIN_SELF = YES;
				CLANG_WARN_OBJC_LITERAL_CONVERSION = YES;
				CLANG_WARN_OBJC_ROOT_CLASS = YES_ERROR;
				CLANG_WARN_QUOTED_INCLUDE_IN_FRAMEWORK_HEADER = YES;
				CLANG_WARN_RANGE_LOOP_ANALYSIS = YES;
				CLANG_WARN_STRICT_PROTOTYPES = YES;
				CLANG_WARN_SUSPICIOUS_MOVE = YES;
				CLANG_WARN_UNGUARDED_AVAILABILITY = YES_AGGRESSIVE;
				CLANG_WARN_UNREACHABLE_CODE = YES;
				CLANG_WARN__DUPLICATE_METHOD_MATCH = YES;
				COPY_PHASE_STRIP = NO;
				DEBUG_INFORMATION_FORMAT = dwarf;
				ENABLE_STRICT_OBJC_MSGSEND = YES;
				ENABLE_TESTABILITY = YES;
				ENABLE_USER_SCRIPT_SANDBOXING = YES;
				GCC_C_LANGUAGE_STANDARD = gnu17;
				GCC_DYNAMIC_NO_PIC = NO;
				GCC_NO_COMMON_BLOCKS = YES;
				GCC_OPTIMIZATION_LEVEL = 0;
				GCC_PREPROCESSOR_DEFINITIONS = (
					"DEBUG=1",
					"$(inherited)",
				);
				GCC_WARN_64_TO_32_BIT_CONVERSION = YES;
				GCC_WARN_ABOUT_RETURN_TYPE = YES_ERROR;
				GCC_WARN_UNDECLARED_SELECTOR = YES;
				GCC_WARN_UNINITIALIZED_AUTOS = YES_AGGRESSIVE;
				GCC_WARN_UNUSED_FUNCTION = YES;
				GCC_WARN_UNUSED_VARIABLE = YES;
				IPHONEOS_DEPLOYMENT_TARGET = 18.2;
				LOCALIZATION_PREFERS_STRING_CATALOGS = YES;
				MTL_ENABLE_DEBUG_INFO = INCLUDE_SOURCE;
				MTL_FAST_MATH = YES;
				ONLY_ACTIVE_ARCH = YES;
				SDKROOT = iphoneos;
				SWIFT_ACTIVE_COMPILATION_CONDITIONS = "DEBUG $(inherited)";
				SWIFT_OPTIMIZATION_LEVEL = "-Onone";
			};
			name = Debug;
		};
		B03014302D21E5E800E931EC /* Release */ = {
			isa = XCBuildConfiguration;
			buildSettings = {
				ALWAYS_SEARCH_USER_PATHS = NO;
				ASSETCATALOG_COMPILER_GENERATE_SWIFT_ASSET_SYMBOL_EXTENSIONS = YES;
				CLANG_ANALYZER_NONNULL = YES;
				CLANG_ANALYZER_NUMBER_OBJECT_CONVERSION = YES_AGGRESSIVE;
				CLANG_CXX_LANGUAGE_STANDARD = "gnu++20";
				CLANG_ENABLE_MODULES = YES;
				CLANG_ENABLE_OBJC_ARC = YES;
				CLANG_ENABLE_OBJC_WEAK = YES;
				CLANG_WARN_BLOCK_CAPTURE_AUTORELEASING = YES;
				CLANG_WARN_BOOL_CONVERSION = YES;
				CLANG_WARN_COMMA = YES;
				CLANG_WARN_CONSTANT_CONVERSION = YES;
				CLANG_WARN_DEPRECATED_OBJC_IMPLEMENTATIONS = YES;
				CLANG_WARN_DIRECT_OBJC_ISA_USAGE = YES_ERROR;
				CLANG_WARN_DOCUMENTATION_COMMENTS = YES;
				CLANG_WARN_EMPTY_BODY = YES;
				CLANG_WARN_ENUM_CONVERSION = YES;
				CLANG_WARN_INFINITE_RECURSION = YES;
				CLANG_WARN_INT_CONVERSION = YES;
				CLANG_WARN_NON_LITERAL_NULL_CONVERSION = YES;
				CLANG_WARN_OBJC_IMPLICIT_RETAIN_SELF = YES;
				CLANG_WARN_OBJC_LITERAL_CONVERSION = YES;
				CLANG_WARN_OBJC_ROOT_CLASS = YES_ERROR;
				CLANG_WARN_QUOTED_INCLUDE_IN_FRAMEWORK_HEADER = YES;
				CLANG_WARN_RANGE_LOOP_ANALYSIS = YES;
				CLANG_WARN_STRICT_PROTOTYPES = YES;
				CLANG_WARN_SUSPICIOUS_MOVE = YES;
				CLANG_WARN_UNGUARDED_AVAILABILITY = YES_AGGRESSIVE;
				CLANG_WARN_UNREACHABLE_CODE = YES;
				CLANG_WARN__DUPLICATE_METHOD_MATCH = YES;
				COPY_PHASE_STRIP = NO;
				DEBUG_INFORMATION_FORMAT = "dwarf-with-dsym";
				ENABLE_NS_ASSERTIONS = NO;
				ENABLE_STRICT_OBJC_MSGSEND = YES;
				ENABLE_USER_SCRIPT_SANDBOXING = YES;
				GCC_C_LANGUAGE_STANDARD = gnu17;
				GCC_NO_COMMON_BLOCKS = YES;
				GCC_WARN_64_TO_32_BIT_CONVERSION = YES;
				GCC_WARN_ABOUT_RETURN_TYPE = YES_ERROR;
				GCC_WARN_UNDECLARED_SELECTOR = YES;
				GCC_WARN_UNINITIALIZED_AUTOS = YES_AGGRESSIVE;
				GCC_WARN_UNUSED_FUNCTION = YES;
				GCC_WARN_UNUSED_VARIABLE = YES;
				IPHONEOS_DEPLOYMENT_TARGET = 18.2;
				LOCALIZATION_PREFERS_STRING_CATALOGS = YES;
				MTL_ENABLE_DEBUG_INFO = NO;
				MTL_FAST_MATH = YES;
				SDKROOT = iphoneos;
				SWIFT_COMPILATION_MODE = wholemodule;
				VALIDATE_PRODUCT = YES;
			};
			name = Release;
		};
		B03014322D21E5E800E931EC /* Debug */ = {
			isa = XCBuildConfiguration;
			buildSettings = {
				BUNDLE_LOADER = "$(TEST_HOST)";
				CODE_SIGN_STYLE = Automatic;
				CURRENT_PROJECT_VERSION = 1;
				DEVELOPMENT_TEAM = A8Y34895L9;
				GENERATE_INFOPLIST_FILE = YES;
				IPHONEOS_DEPLOYMENT_TARGET = 18.2;
				MARKETING_VERSION = 1.0;
				PRODUCT_BUNDLE_IDENTIFIER = "calendar-app-ios.IOS-ClandarTests";
				PRODUCT_NAME = "$(TARGET_NAME)";
				SWIFT_EMIT_LOC_STRINGS = NO;
				SWIFT_VERSION = 5.0;
				TARGETED_DEVICE_FAMILY = "1,2";
				TEST_HOST = "$(BUILT_PRODUCTS_DIR)/IOS_Clandar.app/$(BUNDLE_EXECUTABLE_FOLDER_PATH)/IOS_Clandar";
			};
			name = Debug;
		};
		B03014332D21E5E800E931EC /* Release */ = {
			isa = XCBuildConfiguration;
			buildSettings = {
				BUNDLE_LOADER = "$(TEST_HOST)";
				CODE_SIGN_STYLE = Automatic;
				CURRENT_PROJECT_VERSION = 1;
				DEVELOPMENT_TEAM = A8Y34895L9;
				GENERATE_INFOPLIST_FILE = YES;
				IPHONEOS_DEPLOYMENT_TARGET = 18.2;
				MARKETING_VERSION = 1.0;
				PRODUCT_BUNDLE_IDENTIFIER = "calendar-app-ios.IOS-ClandarTests";
				PRODUCT_NAME = "$(TARGET_NAME)";
				SWIFT_EMIT_LOC_STRINGS = NO;
				SWIFT_VERSION = 5.0;
				TARGETED_DEVICE_FAMILY = "1,2";
				TEST_HOST = "$(BUILT_PRODUCTS_DIR)/IOS_Clandar.app/$(BUNDLE_EXECUTABLE_FOLDER_PATH)/IOS_Clandar";
			};
			name = Release;
		};
		B03014352D21E5E800E931EC /* Debug */ = {
			isa = XCBuildConfiguration;
			buildSettings = {
				CODE_SIGN_STYLE = Automatic;
				CURRENT_PROJECT_VERSION = 1;
				DEVELOPMENT_TEAM = A8Y34895L9;
				GENERATE_INFOPLIST_FILE = YES;
				MARKETING_VERSION = 1.0;
				PRODUCT_BUNDLE_IDENTIFIER = "calendar-app-ios.IOS-ClandarUITests";
				PRODUCT_NAME = "$(TARGET_NAME)";
				SWIFT_EMIT_LOC_STRINGS = NO;
				SWIFT_VERSION = 5.0;
				TARGETED_DEVICE_FAMILY = "1,2";
				TEST_TARGET_NAME = IOS_Clandar;
			};
			name = Debug;
		};
		B03014362D21E5E800E931EC /* Release */ = {
			isa = XCBuildConfiguration;
			buildSettings = {
				CODE_SIGN_STYLE = Automatic;
				CURRENT_PROJECT_VERSION = 1;
				DEVELOPMENT_TEAM = A8Y34895L9;
				GENERATE_INFOPLIST_FILE = YES;
				MARKETING_VERSION = 1.0;
				PRODUCT_BUNDLE_IDENTIFIER = "calendar-app-ios.IOS-ClandarUITests";
				PRODUCT_NAME = "$(TARGET_NAME)";
				SWIFT_EMIT_LOC_STRINGS = NO;
				SWIFT_VERSION = 5.0;
				TARGETED_DEVICE_FAMILY = "1,2";
				TEST_TARGET_NAME = IOS_Clandar;
			};
			name = Release;
		};
/* End XCBuildConfiguration section */

/* Begin XCConfigurationList section */
		B03013FE2D21E5E700E931EC /* Build configuration list for PBXProject "IOS_Clandar" */ = {
			isa = XCConfigurationList;
			buildConfigurations = (
				B030142F2D21E5E800E931EC /* Debug */,
				B03014302D21E5E800E931EC /* Release */,
			);
			defaultConfigurationIsVisible = 0;
			defaultConfigurationName = Release;
		};
		B030142C2D21E5E800E931EC /* Build configuration list for PBXNativeTarget "IOS_Clandar" */ = {
			isa = XCConfigurationList;
			buildConfigurations = (
				B030142D2D21E5E800E931EC /* Debug */,
				B030142E2D21E5E800E931EC /* Release */,
			);
			defaultConfigurationIsVisible = 0;
			defaultConfigurationName = Release;
		};
		B03014312D21E5E800E931EC /* Build configuration list for PBXNativeTarget "IOS_ClandarTests" */ = {
			isa = XCConfigurationList;
			buildConfigurations = (
				B03014322D21E5E800E931EC /* Debug */,
				B03014332D21E5E800E931EC /* Release */,
			);
			defaultConfigurationIsVisible = 0;
			defaultConfigurationName = Release;
		};
		B03014342D21E5E800E931EC /* Build configuration list for PBXNativeTarget "IOS_ClandarUITests" */ = {
			isa = XCConfigurationList;
			buildConfigurations = (
				B03014352D21E5E800E931EC /* Debug */,
				B03014362D21E5E800E931EC /* Release */,
			);
			defaultConfigurationIsVisible = 0;
			defaultConfigurationName = Release;
		};
/* End XCConfigurationList section */

/* Begin XCRemoteSwiftPackageReference section */
		B03014392D21EB1000E931EC /* XCRemoteSwiftPackageReference "CalendarKit" */ = {
			isa = XCRemoteSwiftPackageReference;
			repositoryURL = "https://github.com/richardtop/CalendarKit.git";
			requirement = {
				kind = upToNextMajorVersion;
				minimumVersion = 1.1.11;
			};
		};
/* End XCRemoteSwiftPackageReference section */

/* Begin XCSwiftPackageProductDependency section */
		B030143A2D21EB1000E931EC /* CalendarKit */ = {
			isa = XCSwiftPackageProductDependency;
			package = B03014392D21EB1000E931EC /* XCRemoteSwiftPackageReference "CalendarKit" */;
			productName = CalendarKit;
		};
/* End XCSwiftPackageProductDependency section */
	};
	rootObject = B03013FB2D21E5E700E931EC /* Project object */;
}
